# IF THERE'S A GIT CONFLICT IN THIS FILE, DON'T SOLVE IT MANUALLY!
# INSTEAD EXECUTE `prisma lift fix`
# lift lockfile v1
# Read more about conflict resolution here: TODO

20200213110733-initial-schema
20200213161533-update-fields-name-and-convention
20200214115211-make-some-tenant-fields-optional
20200214115812-add-unique-email-constraint
20200214154847-add-tenant-session
20200217154257-refactor-brand-data-model