# IF THERE'S A GIT CONFLICT IN THIS FILE, DON'T SOLVE IT MANUALLY!
# INSTEAD EXECUTE `prisma lift fix`
# lift lockfile v1
# Read more about conflict resolution here: TODO

20200213110733-initial-schema
20200213161533-update-fields-name-and-convention
20200214115211-make-some-tenant-fields-optional
20200214115812-add-unique-email-constraint
20200214154847-add-tenant-session
20200217154257-refactor-brand-data-model
20200217161215-fix-typo
20200217175050-revert-name-change-back-to-address
20200218125929-add-tenant-to-brand-model
20200218163644-add-phone-number-on-tenant-model
20200219172155-add-landlord
20200219174008-add-landlord-session
20200221130642-add-property-model
20200221192650-update-brand-add-ethnicity
20200222201300-add-tenant-verification
20200224142701-remove-max-size-and-max-front-width
20200224174425-add-tenant-email-verification
20200224191120-make-business-and-filter-optional
20200225132120-add-tenant-id-to-brand
20200228131611-add-landlord-register-verification
20200225132513-property-on-landlord
20200301210839-billing
20200229145442-save-result-property-matches
20200304155807-add-pending-email-to-landlord-user
20200304205149-add-landlord-email-verification